// !$*UTF8*$!
{
	archiveVersion = 1;
	classes = {
	};
	objectVersion = 46;
	objects = {

/* Begin PBXBuildFile section */
		4D3FB4EC1FB9AF39005B1F4F /* GoogleService-Info.plist in Resources */ = {isa = PBXBuildFile; fileRef = 4D3FB4EB1FB9AF39005B1F4F /* GoogleService-Info.plist */; };
		4D4562841FA73DF300B6D276 /* apple.png in Resources */ = {isa = PBXBuildFile; fileRef = 4D4562831FA73DF300B6D276 /* apple.png */; };
		4D4C7F6D1F7274F700821F46 /* main.m in Sources */ = {isa = PBXBuildFile; fileRef = 4D4C7F6C1F7274F700821F46 /* main.m */; };
		4D4C7F701F7274F700821F46 /* AppDelegate.m in Sources */ = {isa = PBXBuildFile; fileRef = 4D4C7F6F1F7274F700821F46 /* AppDelegate.m */; };
		4D4C7F731F7274F700821F46 /* ViewController.m in Sources */ = {isa = PBXBuildFile; fileRef = 4D4C7F721F7274F700821F46 /* ViewController.m */; };
		4D4C7F761F7274F700821F46 /* Main.storyboard in Resources */ = {isa = PBXBuildFile; fileRef = 4D4C7F741F7274F700821F46 /* Main.storyboard */; };
		4D4C7F791F7274F700821F46 /* Akash.xcdatamodeld in Sources */ = {isa = PBXBuildFile; fileRef = 4D4C7F771F7274F700821F46 /* Akash.xcdatamodeld */; };
		4D4C7F7B1F7274F700821F46 /* Assets.xcassets in Resources */ = {isa = PBXBuildFile; fileRef = 4D4C7F7A1F7274F700821F46 /* Assets.xcassets */; };
		4D4C7F7E1F7274F700821F46 /* LaunchScreen.storyboard in Resources */ = {isa = PBXBuildFile; fileRef = 4D4C7F7C1F7274F700821F46 /* LaunchScreen.storyboard */; };
		4D4C7F891F7274F700821F46 /* AkashTests.m in Sources */ = {isa = PBXBuildFile; fileRef = 4D4C7F881F7274F700821F46 /* AkashTests.m */; };
		4D4C7F941F7274F700821F46 /* AkashUITests.m in Sources */ = {isa = PBXBuildFile; fileRef = 4D4C7F931F7274F700821F46 /* AkashUITests.m */; };
		4D4C7FA41F7276DC00821F46 /* SecViewController.m in Sources */ = {isa = PBXBuildFile; fileRef = 4D4C7FA21F7276DC00821F46 /* SecViewController.m */; };
		4D4C7FA51F7276DC00821F46 /* SecViewController.xib in Resources */ = {isa = PBXBuildFile; fileRef = 4D4C7FA31F7276DC00821F46 /* SecViewController.xib */; };
		4D53F28C1FA9DA6000755AD5 /* libsqlite3.tbd in Frameworks */ = {isa = PBXBuildFile; fileRef = 4D53F28B1FA9DA6000755AD5 /* libsqlite3.tbd */; };
		4D53F28F1FA9DCD500755AD5 /* DBManager.m in Sources */ = {isa = PBXBuildFile; fileRef = 4D53F28E1FA9DCD500755AD5 /* DBManager.m */; };
		4D6080BE1FB31AC400F1224D /* StudentData.m in Sources */ = {isa = PBXBuildFile; fileRef = 4D6080BD1FB31AC400F1224D /* StudentData.m */; };
/* End PBXBuildFile section */

/* Begin PBXContainerItemProxy section */
		4D4C7F851F7274F700821F46 /* PBXContainerItemProxy */ = {
			isa = PBXContainerItemProxy;
			containerPortal = 4D4C7F601F7274F700821F46 /* Project object */;
			proxyType = 1;
			remoteGlobalIDString = 4D4C7F671F7274F700821F46;
			remoteInfo = Akash;
		};
		4D4C7F901F7274F700821F46 /* PBXContainerItemProxy */ = {
			isa = PBXContainerItemProxy;
			containerPortal = 4D4C7F601F7274F700821F46 /* Project object */;
			proxyType = 1;
			remoteGlobalIDString = 4D4C7F671F7274F700821F46;
			remoteInfo = Akash;
		};
/* End PBXContainerItemProxy section */

/* Begin PBXFileReference section */
		4D3FB4EB1FB9AF39005B1F4F /* GoogleService-Info.plist */ = {isa = PBXFileReference; fileEncoding = 4; lastKnownFileType = text.plist.xml; name = "GoogleService-Info.plist"; path = "../../../../Downloads/GoogleService-Info.plist"; sourceTree = "<group>"; };
		4D4562831FA73DF300B6D276 /* apple.png */ = {isa = PBXFileReference; lastKnownFileType = image.png; path = apple.png; sourceTree = "<group>"; };
		4D4C7F681F7274F700821F46 /* Akash.app */ = {isa = PBXFileReference; explicitFileType = wrapper.application; includeInIndex = 0; path = Akash.app; sourceTree = BUILT_PRODUCTS_DIR; };
		4D4C7F6C1F7274F700821F46 /* main.m */ = {isa = PBXFileReference; lastKnownFileType = sourcecode.c.objc; path = main.m; sourceTree = "<group>"; };
		4D4C7F6E1F7274F700821F46 /* AppDelegate.h */ = {isa = PBXFileReference; lastKnownFileType = sourcecode.c.h; path = AppDelegate.h; sourceTree = "<group>"; };
		4D4C7F6F1F7274F700821F46 /* AppDelegate.m */ = {isa = PBXFileReference; lastKnownFileType = sourcecode.c.objc; path = AppDelegate.m; sourceTree = "<group>"; };
		4D4C7F711F7274F700821F46 /* ViewController.h */ = {isa = PBXFileReference; lastKnownFileType = sourcecode.c.h; path = ViewController.h; sourceTree = "<group>"; };
		4D4C7F721F7274F700821F46 /* ViewController.m */ = {isa = PBXFileReference; lastKnownFileType = sourcecode.c.objc; path = ViewController.m; sourceTree = "<group>"; };
		4D4C7F751F7274F700821F46 /* Base */ = {isa = PBXFileReference; lastKnownFileType = file.storyboard; name = Base; path = Base.lproj/Main.storyboard; sourceTree = "<group>"; };
		4D4C7F781F7274F700821F46 /* Akash.xcdatamodel */ = {isa = PBXFileReference; lastKnownFileType = wrapper.xcdatamodel; path = Akash.xcdatamodel; sourceTree = "<group>"; };
		4D4C7F7A1F7274F700821F46 /* Assets.xcassets */ = {isa = PBXFileReference; lastKnownFileType = folder.assetcatalog; path = Assets.xcassets; sourceTree = "<group>"; };
		4D4C7F7D1F7274F700821F46 /* Base */ = {isa = PBXFileReference; lastKnownFileType = file.storyboard; name = Base; path = Base.lproj/LaunchScreen.storyboard; sourceTree = "<group>"; };
		4D4C7F7F1F7274F700821F46 /* Info.plist */ = {isa = PBXFileReference; lastKnownFileType = text.plist.xml; path = Info.plist; sourceTree = "<group>"; };
		4D4C7F841F7274F700821F46 /* AkashTests.xctest */ = {isa = PBXFileReference; explicitFileType = wrapper.cfbundle; includeInIndex = 0; path = AkashTests.xctest; sourceTree = BUILT_PRODUCTS_DIR; };
		4D4C7F881F7274F700821F46 /* AkashTests.m */ = {isa = PBXFileReference; lastKnownFileType = sourcecode.c.objc; path = AkashTests.m; sourceTree = "<group>"; };
		4D4C7F8A1F7274F700821F46 /* Info.plist */ = {isa = PBXFileReference; lastKnownFileType = text.plist.xml; path = Info.plist; sourceTree = "<group>"; };
		4D4C7F8F1F7274F700821F46 /* AkashUITests.xctest */ = {isa = PBXFileReference; explicitFileType = wrapper.cfbundle; includeInIndex = 0; path = AkashUITests.xctest; sourceTree = BUILT_PRODUCTS_DIR; };
		4D4C7F931F7274F700821F46 /* AkashUITests.m */ = {isa = PBXFileReference; lastKnownFileType = sourcecode.c.objc; path = AkashUITests.m; sourceTree = "<group>"; };
		4D4C7F951F7274F700821F46 /* Info.plist */ = {isa = PBXFileReference; lastKnownFileType = text.plist.xml; path = Info.plist; sourceTree = "<group>"; };
		4D4C7FA11F7276DC00821F46 /* SecViewController.h */ = {isa = PBXFileReference; fileEncoding = 4; lastKnownFileType = sourcecode.c.h; name = SecViewController.h; path = ../SecViewController.h; sourceTree = "<group>"; };
		4D4C7FA21F7276DC00821F46 /* SecViewController.m */ = {isa = PBXFileReference; fileEncoding = 4; lastKnownFileType = sourcecode.c.objc; name = SecViewController.m; path = ../SecViewController.m; sourceTree = "<group>"; };
		4D4C7FA31F7276DC00821F46 /* SecViewController.xib */ = {isa = PBXFileReference; fileEncoding = 4; lastKnownFileType = file.xib; name = SecViewController.xib; path = ../SecViewController.xib; sourceTree = "<group>"; };
		4D53F28B1FA9DA6000755AD5 /* libsqlite3.tbd */ = {isa = PBXFileReference; lastKnownFileType = "sourcecode.text-based-dylib-definition"; name = libsqlite3.tbd; path = usr/lib/libsqlite3.tbd; sourceTree = SDKROOT; };
		4D53F28D1FA9DCD500755AD5 /* DBManager.h */ = {isa = PBXFileReference; fileEncoding = 4; lastKnownFileType = sourcecode.c.h; name = DBManager.h; path = ../DBManager.h; sourceTree = "<group>"; };
		4D53F28E1FA9DCD500755AD5 /* DBManager.m */ = {isa = PBXFileReference; fileEncoding = 4; lastKnownFileType = sourcecode.c.objc; name = DBManager.m; path = ../DBManager.m; sourceTree = "<group>"; };
		4D6080BC1FB31AC400F1224D /* StudentData.h */ = {isa = PBXFileReference; fileEncoding = 4; lastKnownFileType = sourcecode.c.h; path = StudentData.h; sourceTree = "<group>"; };
		4D6080BD1FB31AC400F1224D /* StudentData.m */ = {isa = PBXFileReference; fileEncoding = 4; lastKnownFileType = sourcecode.c.objc; path = StudentData.m; sourceTree = "<group>"; };
/* End PBXFileReference section */

/* Begin PBXFrameworksBuildPhase section */
		4D4C7F651F7274F700821F46 /* Frameworks */ = {
			isa = PBXFrameworksBuildPhase;
			buildActionMask = 2147483647;
			files = (
				4D53F28C1FA9DA6000755AD5 /* libsqlite3.tbd in Frameworks */,
			);
			runOnlyForDeploymentPostprocessing = 0;
		};
		4D4C7F811F7274F700821F46 /* Frameworks */ = {
			isa = PBXFrameworksBuildPhase;
			buildActionMask = 2147483647;
			files = (
			);
			runOnlyForDeploymentPostprocessing = 0;
		};
		4D4C7F8C1F7274F700821F46 /* Frameworks */ = {
			isa = PBXFrameworksBuildPhase;
			buildActionMask = 2147483647;
			files = (
			);
			runOnlyForDeploymentPostprocessing = 0;
		};
/* End PBXFrameworksBuildPhase section */

/* Begin PBXGroup section */
		4D4C7F5F1F7274F700821F46 = {
			isa = PBXGroup;
			children = (
				4D53F28B1FA9DA6000755AD5 /* libsqlite3.tbd */,
				4D4562831FA73DF300B6D276 /* apple.png */,
				4D4C7F6A1F7274F700821F46 /* Akash */,
				4D4C7F871F7274F700821F46 /* AkashTests */,
				4D4C7F921F7274F700821F46 /* AkashUITests */,
				4D4C7F691F7274F700821F46 /* Products */,
			);
			sourceTree = "<group>";
		};
		4D4C7F691F7274F700821F46 /* Products */ = {
			isa = PBXGroup;
			children = (
				4D4C7F681F7274F700821F46 /* Akash.app */,
				4D4C7F841F7274F700821F46 /* AkashTests.xctest */,
				4D4C7F8F1F7274F700821F46 /* AkashUITests.xctest */,
			);
			name = Products;
			sourceTree = "<group>";
		};
		4D4C7F6A1F7274F700821F46 /* Akash */ = {
			isa = PBXGroup;
			children = (
				4D3FB4EB1FB9AF39005B1F4F /* GoogleService-Info.plist */,
				4D4C7F6E1F7274F700821F46 /* AppDelegate.h */,
				4D4C7F6F1F7274F700821F46 /* AppDelegate.m */,
				4D4C7F711F7274F700821F46 /* ViewController.h */,
				4D53F28D1FA9DCD500755AD5 /* DBManager.h */,
				4D53F28E1FA9DCD500755AD5 /* DBManager.m */,
				4D6080BC1FB31AC400F1224D /* StudentData.h */,
				4D6080BD1FB31AC400F1224D /* StudentData.m */,
				4D4C7F721F7274F700821F46 /* ViewController.m */,
				4D4C7FA11F7276DC00821F46 /* SecViewController.h */,
				4D4C7FA21F7276DC00821F46 /* SecViewController.m */,
				4D4C7FA31F7276DC00821F46 /* SecViewController.xib */,
				4D4C7F741F7274F700821F46 /* Main.storyboard */,
				4D4C7F7A1F7274F700821F46 /* Assets.xcassets */,
				4D4C7F7C1F7274F700821F46 /* LaunchScreen.storyboard */,
				4D4C7F7F1F7274F700821F46 /* Info.plist */,
				4D4C7F771F7274F700821F46 /* Akash.xcdatamodeld */,
				4D4C7F6B1F7274F700821F46 /* Supporting Files */,
			);
			path = Akash;
			sourceTree = "<group>";
		};
		4D4C7F6B1F7274F700821F46 /* Supporting Files */ = {
			isa = PBXGroup;
			children = (
				4D4C7F6C1F7274F700821F46 /* main.m */,
			);
			name = "Supporting Files";
			sourceTree = "<group>";
		};
		4D4C7F871F7274F700821F46 /* AkashTests */ = {
			isa = PBXGroup;
			children = (
				4D4C7F881F7274F700821F46 /* AkashTests.m */,
				4D4C7F8A1F7274F700821F46 /* Info.plist */,
			);
			path = AkashTests;
			sourceTree = "<group>";
		};
		4D4C7F921F7274F700821F46 /* AkashUITests */ = {
			isa = PBXGroup;
			children = (
				4D4C7F931F7274F700821F46 /* AkashUITests.m */,
				4D4C7F951F7274F700821F46 /* Info.plist */,
			);
			path = AkashUITests;
			sourceTree = "<group>";
		};
/* End PBXGroup section */

/* Begin PBXNativeTarget section */
		4D4C7F671F7274F700821F46 /* Akash */ = {
			isa = PBXNativeTarget;
			buildConfigurationList = 4D4C7F981F7274F700821F46 /* Build configuration list for PBXNativeTarget "Akash" */;
			buildPhases = (
				4D4C7F641F7274F700821F46 /* Sources */,
				4D4C7F651F7274F700821F46 /* Frameworks */,
				4D4C7F661F7274F700821F46 /* Resources */,
			);
			buildRules = (
			);
			dependencies = (
			);
			name = Akash;
			productName = Akash;
			productReference = 4D4C7F681F7274F700821F46 /* Akash.app */;
			productType = "com.apple.product-type.application";
		};
		4D4C7F831F7274F700821F46 /* AkashTests */ = {
			isa = PBXNativeTarget;
			buildConfigurationList = 4D4C7F9B1F7274F700821F46 /* Build configuration list for PBXNativeTarget "AkashTests" */;
			buildPhases = (
				4D4C7F801F7274F700821F46 /* Sources */,
				4D4C7F811F7274F700821F46 /* Frameworks */,
				4D4C7F821F7274F700821F46 /* Resources */,
			);
			buildRules = (
			);
			dependencies = (
				4D4C7F861F7274F700821F46 /* PBXTargetDependency */,
			);
			name = AkashTests;
			productName = AkashTests;
			productReference = 4D4C7F841F7274F700821F46 /* AkashTests.xctest */;
			productType = "com.apple.product-type.bundle.unit-test";
		};
		4D4C7F8E1F7274F700821F46 /* AkashUITests */ = {
			isa = PBXNativeTarget;
			buildConfigurationList = 4D4C7F9E1F7274F700821F46 /* Build configuration list for PBXNativeTarget "AkashUITests" */;
			buildPhases = (
				4D4C7F8B1F7274F700821F46 /* Sources */,
				4D4C7F8C1F7274F700821F46 /* Frameworks */,
				4D4C7F8D1F7274F700821F46 /* Resources */,
			);
			buildRules = (
			);
			dependencies = (
				4D4C7F911F7274F700821F46 /* PBXTargetDependency */,
			);
			name = AkashUITests;
			productName = AkashUITests;
			productReference = 4D4C7F8F1F7274F700821F46 /* AkashUITests.xctest */;
			productType = "com.apple.product-type.bundle.ui-testing";
		};
/* End PBXNativeTarget section */

/* Begin PBXProject section */
		4D4C7F601F7274F700821F46 /* Project object */ = {
			isa = PBXProject;
			attributes = {
				LastUpgradeCheck = 0720;
				ORGANIZATIONNAME = NIET;
				TargetAttributes = {
					4D4C7F671F7274F700821F46 = {
						CreatedOnToolsVersion = 7.2;
					};
					4D4C7F831F7274F700821F46 = {
						CreatedOnToolsVersion = 7.2;
						TestTargetID = 4D4C7F671F7274F700821F46;
					};
					4D4C7F8E1F7274F700821F46 = {
						CreatedOnToolsVersion = 7.2;
						TestTargetID = 4D4C7F671F7274F700821F46;
					};
				};
			};
			buildConfigurationList = 4D4C7F631F7274F700821F46 /* Build configuration list for PBXProject "Akash" */;
			compatibilityVersion = "Xcode 3.2";
			developmentRegion = English;
			hasScannedForEncodings = 0;
			knownRegions = (
				en,
				Base,
			);
			mainGroup = 4D4C7F5F1F7274F700821F46;
			productRefGroup = 4D4C7F691F7274F700821F46 /* Products */;
			projectDirPath = "";
			projectRoot = "";
			targets = (
				4D4C7F671F7274F700821F46 /* Akash */,
				4D4C7F831F7274F700821F46 /* AkashTests */,
				4D4C7F8E1F7274F700821F46 /* AkashUITests */,
			);
		};
/* End PBXProject section */

/* Begin PBXResourcesBuildPhase section */
		4D4C7F661F7274F700821F46 /* Resources */ = {
			isa = PBXResourcesBuildPhase;
			buildActionMask = 2147483647;
			files = (
				4D4C7FA51F7276DC00821F46 /* SecViewController.xib in Resources */,
				4D4C7F7E1F7274F700821F46 /* LaunchScreen.storyboard in Resources */,
				4D4C7F7B1F7274F700821F46 /* Assets.xcassets in Resources */,
				4D4C7F761F7274F700821F46 /* Main.storyboard in Resources */,
				4D4562841FA73DF300B6D276 /* apple.png in Resources */,
				4D3FB4EC1FB9AF39005B1F4F /* GoogleService-Info.plist in Resources */,
			);
			runOnlyForDeploymentPostprocessing = 0;
		};
		4D4C7F821F7274F700821F46 /* Resources */ = {
			isa = PBXResourcesBuildPhase;
			buildActionMask = 2147483647;
			files = (
			);
			runOnlyForDeploymentPostprocessing = 0;
		};
		4D4C7F8D1F7274F700821F46 /* Resources */ = {
			isa = PBXResourcesBuildPhase;
			buildActionMask = 2147483647;
			files = (
			);
			runOnlyForDeploymentPostprocessing = 0;
		};
/* End PBXResourcesBuildPhase section */

/* Begin PBXSourcesBuildPhase section */
		4D4C7F641F7274F700821F46 /* Sources */ = {
			isa = PBXSourcesBuildPhase;
			buildActionMask = 2147483647;
			files = (
				4D4C7F731F7274F700821F46 /* ViewController.m in Sources */,
				4D4C7F701F7274F700821F46 /* AppDelegate.m in Sources */,
				4D4C7F791F7274F700821F46 /* Akash.xcdatamodeld in Sources */,
				4D53F28F1FA9DCD500755AD5 /* DBManager.m in Sources */,
				4D6080BE1FB31AC400F1224D /* StudentData.m in Sources */,
				4D4C7FA41F7276DC00821F46 /* SecViewController.m in Sources */,
				4D4C7F6D1F7274F700821F46 /* main.m in Sources */,
			);
			runOnlyForDeploymentPostprocessing = 0;
		};
		4D4C7F801F7274F700821F46 /* Sources */ = {
			isa = PBXSourcesBuildPhase;
			buildActionMask = 2147483647;
			files = (
				4D4C7F891F7274F700821F46 /* AkashTests.m in Sources */,
			);
			runOnlyForDeploymentPostprocessing = 0;
		};
		4D4C7F8B1F7274F700821F46 /* Sources */ = {
			isa = PBXSourcesBuildPhase;
			buildActionMask = 2147483647;
			files = (
				4D4C7F941F7274F700821F46 /* AkashUITests.m in Sources */,
			);
			runOnlyForDeploymentPostprocessing = 0;
		};
/* End PBXSourcesBuildPhase section */

/* Begin PBXTargetDependency section */
		4D4C7F861F7274F700821F46 /* PBXTargetDependency */ = {
			isa = PBXTargetDependency;
			target = 4D4C7F671F7274F700821F46 /* Akash */;
			targetProxy = 4D4C7F851F7274F700821F46 /* PBXContainerItemProxy */;
		};
		4D4C7F911F7274F700821F46 /* PBXTargetDependency */ = {
			isa = PBXTargetDependency;
			target = 4D4C7F671F7274F700821F46 /* Akash */;
			targetProxy = 4D4C7F901F7274F700821F46 /* PBXContainerItemProxy */;
		};
/* End PBXTargetDependency section */

/* Begin PBXVariantGroup section */
		4D4C7F741F7274F700821F46 /* Main.storyboard */ = {
			isa = PBXVariantGroup;
			children = (
				4D4C7F751F7274F700821F46 /* Base */,
			);
			name = Main.storyboard;
			sourceTree = "<group>";
		};
		4D4C7F7C1F7274F700821F46 /* LaunchScreen.storyboard */ = {
			isa = PBXVariantGroup;
			children = (
				4D4C7F7D1F7274F700821F46 /* Base */,
			);
			name = LaunchScreen.storyboard;
			sourceTree = "<group>";
		};
/* End PBXVariantGroup section */

/* Begin XCBuildConfiguration section */
		4D4C7F961F7274F700821F46 /* Debug */ = {
			isa = XCBuildConfiguration;
			buildSettings = {
				ALWAYS_SEARCH_USER_PATHS = NO;
				CLANG_CXX_LANGUAGE_STANDARD = "gnu++0x";
				CLANG_CXX_LIBRARY = "libc++";
				CLANG_ENABLE_MODULES = YES;
				CLANG_ENABLE_OBJC_ARC = YES;
				CLANG_WARN_BOOL_CONVERSION = YES;
				CLANG_WARN_CONSTANT_CONVERSION = YES;
				CLANG_WARN_DIRECT_OBJC_ISA_USAGE = YES_ERROR;
				CLANG_WARN_EMPTY_BODY = YES;
				CLANG_WARN_ENUM_CONVERSION = YES;
				CLANG_WARN_INT_CONVERSION = YES;
				CLANG_WARN_OBJC_ROOT_CLASS = YES_ERROR;
				CLANG_WARN_UNREACHABLE_CODE = YES;
				CLANG_WARN__DUPLICATE_METHOD_MATCH = YES;
				"CODE_SIGN_IDENTITY[sdk=iphoneos*]" = "iPhone Developer";
				COPY_PHASE_STRIP = NO;
				DEBUG_INFORMATION_FORMAT = dwarf;
				ENABLE_STRICT_OBJC_MSGSEND = YES;
				ENABLE_TESTABILITY = YES;
				GCC_C_LANGUAGE_STANDARD = gnu99;
				GCC_DYNAMIC_NO_PIC = NO;
				GCC_NO_COMMON_BLOCKS = YES;
				GCC_OPTIMIZATION_LEVEL = 0;
				GCC_PREPROCESSOR_DEFINITIONS = (
					"DEBUG=1",
					"$(inherited)",
				);
				GCC_WARN_64_TO_32_BIT_CONVERSION = YES;
				GCC_WARN_ABOUT_RETURN_TYPE = YES_ERROR;
				GCC_WARN_UNDECLARED_SELECTOR = YES;
				GCC_WARN_UNINITIALIZED_AUTOS = YES_AGGRESSIVE;
				GCC_WARN_UNUSED_FUNCTION = YES;
				GCC_WARN_UNUSED_VARIABLE = YES;
				IPHONEOS_DEPLOYMENT_TARGET = 9.2;
				MTL_ENABLE_DEBUG_INFO = YES;
				ONLY_ACTIVE_ARCH = YES;
				SDKROOT = iphoneos;
			};
			name = Debug;
		};
		4D4C7F971F7274F700821F46 /* Release */ = {
			isa = XCBuildConfiguration;
			buildSettings = {
				ALWAYS_SEARCH_USER_PATHS = NO;
				CLANG_CXX_LANGUAGE_STANDARD = "gnu++0x";
				CLANG_CXX_LIBRARY = "libc++";
				CLANG_ENABLE_MODULES = YES;
				CLANG_ENABLE_OBJC_ARC = YES;
				CLANG_WARN_BOOL_CONVERSION = YES;
				CLANG_WARN_CONSTANT_CONVERSION = YES;
				CLANG_WARN_DIRECT_OBJC_ISA_USAGE = YES_ERROR;
				CLANG_WARN_EMPTY_BODY = YES;
				CLANG_WARN_ENUM_CONVERSION = YES;
				CLANG_WARN_INT_CONVERSION = YES;
				CLANG_WARN_OBJC_ROOT_CLASS = YES_ERROR;
				CLANG_WARN_UNREACHABLE_CODE = YES;
				CLANG_WARN__DUPLICATE_METHOD_MATCH = YES;
				"CODE_SIGN_IDENTITY[sdk=iphoneos*]" = "iPhone Developer";
				COPY_PHASE_STRIP = NO;
				DEBUG_INFORMATION_FORMAT = "dwarf-with-dsym";
				ENABLE_NS_ASSERTIONS = NO;
				ENABLE_STRICT_OBJC_MSGSEND = YES;
				GCC_C_LANGUAGE_STANDARD = gnu99;
				GCC_NO_COMMON_BLOCKS = YES;
				GCC_WARN_64_TO_32_BIT_CONVERSION = YES;
				GCC_WARN_ABOUT_RETURN_TYPE = YES_ERROR;
				GCC_WARN_UNDECLARED_SELECTOR = YES;
				GCC_WARN_UNINITIALIZED_AUTOS = YES_AGGRESSIVE;
				GCC_WARN_UNUSED_FUNCTION = YES;
				GCC_WARN_UNUSED_VARIABLE = YES;
				IPHONEOS_DEPLOYMENT_TARGET = 9.2;
				MTL_ENABLE_DEBUG_INFO = NO;
				SDKROOT = iphoneos;
				VALIDATE_PRODUCT = YES;
			};
			name = Release;
		};
		4D4C7F991F7274F700821F46 /* Debug */ = {
			isa = XCBuildConfiguration;
			buildSettings = {
				ASSETCATALOG_COMPILER_APPICON_NAME = AppIcon;
				INFOPLIST_FILE = Akash/Info.plist;
				LD_RUNPATH_SEARCH_PATHS = "$(inherited) @executable_path/Frameworks";
				PRODUCT_BUNDLE_IDENTIFIER = niet.roushan;
				PRODUCT_NAME = "$(TARGET_NAME)";
			};
			name = Debug;
		};
		4D4C7F9A1F7274F700821F46 /* Release */ = {
			isa = XCBuildConfiguration;
			buildSettings = {
				ASSETCATALOG_COMPILER_APPICON_NAME = AppIcon;
				INFOPLIST_FILE = Akash/Info.plist;
				LD_RUNPATH_SEARCH_PATHS = "$(inherited) @executable_path/Frameworks";
				PRODUCT_BUNDLE_IDENTIFIER = niet.roushan;
				PRODUCT_NAME = "$(TARGET_NAME)";
			};
			name = Release;
		};
		4D4C7F9C1F7274F700821F46 /* Debug */ = {
			isa = XCBuildConfiguration;
			buildSettings = {
				BUNDLE_LOADER = "$(TEST_HOST)";
				INFOPLIST_FILE = AkashTests/Info.plist;
				LD_RUNPATH_SEARCH_PATHS = "$(inherited) @executable_path/Frameworks @loader_path/Frameworks";
				PRODUCT_BUNDLE_IDENTIFIER = niet.AkashTests;
				PRODUCT_NAME = "$(TARGET_NAME)";
				TEST_HOST = "$(BUILT_PRODUCTS_DIR)/Akash.app/Akash";
			};
			name = Debug;
		};
		4D4C7F9D1F7274F700821F46 /* Release */ = {
			isa = XCBuildConfiguration;
			buildSettings = {
				BUNDLE_LOADER = "$(TEST_HOST)";
				INFOPLIST_FILE = AkashTests/Info.plist;
				LD_RUNPATH_SEARCH_PATHS = "$(inherited) @executable_path/Frameworks @loader_path/Frameworks";
				PRODUCT_BUNDLE_IDENTIFIER = niet.AkashTests;
				PRODUCT_NAME = "$(TARGET_NAME)";
				TEST_HOST = "$(BUILT_PRODUCTS_DIR)/Akash.app/Akash";
			};
			name = Release;
		};
		4D4C7F9F1F7274F700821F46 /* Debug */ = {
			isa = XCBuildConfiguration;
			buildSettings = {
				INFOPLIST_FILE = AkashUITests/Info.plist;
				LD_RUNPATH_SEARCH_PATHS = "$(inherited) @executable_path/Frameworks @loader_path/Frameworks";
				PRODUCT_BUNDLE_IDENTIFIER = niet.AkashUITests;
				PRODUCT_NAME = "$(TARGET_NAME)";
				TEST_TARGET_NAME = Akash;
				USES_XCTRUNNER = YES;
			};
			name = Debug;
		};
		4D4C7FA01F7274F700821F46 /* Release */ = {
			isa = XCBuildConfiguration;
			buildSettings = {
				INFOPLIST_FILE = AkashUITests/Info.plist;
				LD_RUNPATH_SEARCH_PATHS = "$(inherited) @executable_path/Frameworks @loader_path/Frameworks";
				PRODUCT_BUNDLE_IDENTIFIER = niet.AkashUITests;
				PRODUCT_NAME = "$(TARGET_NAME)";
				TEST_TARGET_NAME = Akash;
				USES_XCTRUNNER = YES;
			};
			name = Release;
		};
/* End XCBuildConfiguration section */

/* Begin XCConfigurationList section */
		4D4C7F631F7274F700821F46 /* Build configuration list for PBXProject "Akash" */ = {
			isa = XCConfigurationList;
			buildConfigurations = (
				4D4C7F961F7274F700821F46 /* Debug */,
				4D4C7F971F7274F700821F46 /* Release */,
			);
			defaultConfigurationIsVisible = 0;
			defaultConfigurationName = Release;
		};
		4D4C7F981F7274F700821F46 /* Build configuration list for PBXNativeTarget "Akash" */ = {
			isa = XCConfigurationList;
			buildConfigurations = (
				4D4C7F991F7274F700821F46 /* Debug */,
				4D4C7F9A1F7274F700821F46 /* Release */,
			);
			defaultConfigurationIsVisible = 0;
			defaultConfigurationName = Release;
		};
		4D4C7F9B1F7274F700821F46 /* Build configuration list for PBXNativeTarget "AkashTests" */ = {
			isa = XCConfigurationList;
			buildConfigurations = (
				4D4C7F9C1F7274F700821F46 /* Debug */,
				4D4C7F9D1F7274F700821F46 /* Release */,
			);
			defaultConfigurationIsVisible = 0;
			defaultConfigurationName = Release;
		};
		4D4C7F9E1F7274F700821F46 /* Build configuration list for PBXNativeTarget "AkashUITests" */ = {
			isa = XCConfigurationList;
			buildConfigurations = (
				4D4C7F9F1F7274F700821F46 /* Debug */,
				4D4C7FA01F7274F700821F46 /* Release */,
			);
			defaultConfigurationIsVisible = 0;
			defaultConfigurationName = Release;
		};
/* End XCConfigurationList section */

/* Begin XCVersionGroup section */
		4D4C7F771F7274F700821F46 /* Akash.xcdatamodeld */ = {
			isa = XCVersionGroup;
			children = (
				4D4C7F781F7274F700821F46 /* Akash.xcdatamodel */,
			);
			currentVersion = 4D4C7F781F7274F700821F46 /* Akash.xcdatamodel */;
			path = Akash.xcdatamodeld;
			sourceTree = "<group>";
			versionGroupType = wrapper.xcdatamodel;
		};
/* End XCVersionGroup section */
	};
	rootObject = 4D4C7F601F7274F700821F46 /* Project object */;
}
